
Microsoft Visual Studio Solution File, Format Version 12.00
# Visual Studio Version 17
VisualStudioVersion = 17.6.33723.286
MinimumVisualStudioVersion = 10.0.40219.1
Project("{FAE04EC0-301F-11D3-BF4B-00C04F79EFBC}") = "WordGenius", "WordGenius\WordGenius.csproj", "{7ECBC660-B80B-4FF2-A37E-B447A509B9D6}"
EndProject
Global
	GlobalSection(SolutionConfigurationPlatforms) = preSolution
		Debug|Any CPU = Debug|Any CPU
		Release|Any CPU = Release|Any CPU
	EndGlobalSection
	GlobalSection(ProjectConfigurationPlatforms) = postSolution
		{7ECBC660-B80B-4FF2-A37E-B447A509B9D6}.Debug|Any CPU.ActiveCfg = Debug|Any CPU
		{7ECBC660-B80B-4FF2-A37E-B447A509B9D6}.Debug|Any CPU.Build.0 = Debug|Any CPU
		{7ECBC660-B80B-4FF2-A37E-B447A509B9D6}.Release|Any CPU.ActiveCfg = Release|Any CPU
		{7ECBC660-B80B-4FF2-A37E-B447A509B9D6}.Release|Any CPU.Build.0 = Release|Any CPU
	EndGlobalSection
	GlobalSection(SolutionProperties) = preSolution
		HideSolutionNode = FALSE
	EndGlobalSection
	GlobalSection(ExtensibilityGlobals) = postSolution
		SolutionGuid = {D290F8B1-DA79-421B-9A90-F6847D6C0024}
	EndGlobalSection
EndGlobal
